// !$*UTF8*$!
{
	archiveVersion = 1;
	classes = {
	};
	objectVersion = 51;
	objects = {

/* Begin PBXBuildFile section */
		42B71168198E0775FE06F026 /* Pods_Common.framework in Frameworks */ = {isa = PBXBuildFile; fileRef = 31EF8272A61EA4EB25C7E0FA /* Pods_Common.framework */; };
		F0BDB3F623B969D30010F4DC /* ImageModifyingModel.swift in Sources */ = {isa = PBXBuildFile; fileRef = F0BDB3F523B969D30010F4DC /* ImageModifyingModel.swift */; };
		F0DD59A22392677F009A6D70 /* AppDelegate.swift in Sources */ = {isa = PBXBuildFile; fileRef = F0DD59A12392677F009A6D70 /* AppDelegate.swift */; };
		F0DD59A42392677F009A6D70 /* SceneDelegate.swift in Sources */ = {isa = PBXBuildFile; fileRef = F0DD59A32392677F009A6D70 /* SceneDelegate.swift */; };
		F0DD59A62392677F009A6D70 /* ContentView.swift in Sources */ = {isa = PBXBuildFile; fileRef = F0DD59A52392677F009A6D70 /* ContentView.swift */; };
		F0DD59A823926787009A6D70 /* Assets.xcassets in Resources */ = {isa = PBXBuildFile; fileRef = F0DD59A723926787009A6D70 /* Assets.xcassets */; };
		F0DD59AB23926787009A6D70 /* Preview Assets.xcassets in Resources */ = {isa = PBXBuildFile; fileRef = F0DD59AA23926787009A6D70 /* Preview Assets.xcassets */; };
		F0DD59AE23926787009A6D70 /* LaunchScreen.storyboard in Resources */ = {isa = PBXBuildFile; fileRef = F0DD59AC23926787009A6D70 /* LaunchScreen.storyboard */; };
		F0DD59B8239267C6009A6D70 /* CreateQrcodeModel.swift in Sources */ = {isa = PBXBuildFile; fileRef = F0DD59B6239267C6009A6D70 /* CreateQrcodeModel.swift */; };
		F0DD59B9239267C6009A6D70 /* APIMannegerModel.swift in Sources */ = {isa = PBXBuildFile; fileRef = F0DD59B7239267C6009A6D70 /* APIMannegerModel.swift */; };
/* End PBXBuildFile section */

/* Begin PBXFileReference section */
		31EF8272A61EA4EB25C7E0FA /* Pods_Common.framework */ = {isa = PBXFileReference; explicitFileType = wrapper.framework; includeInIndex = 0; path = Pods_Common.framework; sourceTree = BUILT_PRODUCTS_DIR; };
		4EDFB06A34DEECE4B9F5A029 /* Pods-Common.release.xcconfig */ = {isa = PBXFileReference; includeInIndex = 1; lastKnownFileType = text.xcconfig; name = "Pods-Common.release.xcconfig"; path = "Target Support Files/Pods-Common/Pods-Common.release.xcconfig"; sourceTree = "<group>"; };
		9E02353ED3C31F49D59EA432 /* Pods-Common.debug.xcconfig */ = {isa = PBXFileReference; includeInIndex = 1; lastKnownFileType = text.xcconfig; name = "Pods-Common.debug.xcconfig"; path = "Target Support Files/Pods-Common/Pods-Common.debug.xcconfig"; sourceTree = "<group>"; };
		F0BDB3F523B969D30010F4DC /* ImageModifyingModel.swift */ = {isa = PBXFileReference; lastKnownFileType = sourcecode.swift; path = ImageModifyingModel.swift; sourceTree = "<group>"; };
		F0DD599E2392677F009A6D70 /* Common.app */ = {isa = PBXFileReference; explicitFileType = wrapper.application; includeInIndex = 0; path = Common.app; sourceTree = BUILT_PRODUCTS_DIR; };
		F0DD59A12392677F009A6D70 /* AppDelegate.swift */ = {isa = PBXFileReference; lastKnownFileType = sourcecode.swift; path = AppDelegate.swift; sourceTree = "<group>"; };
		F0DD59A32392677F009A6D70 /* SceneDelegate.swift */ = {isa = PBXFileReference; lastKnownFileType = sourcecode.swift; path = SceneDelegate.swift; sourceTree = "<group>"; };
		F0DD59A52392677F009A6D70 /* ContentView.swift */ = {isa = PBXFileReference; lastKnownFileType = sourcecode.swift; path = ContentView.swift; sourceTree = "<group>"; };
		F0DD59A723926787009A6D70 /* Assets.xcassets */ = {isa = PBXFileReference; lastKnownFileType = folder.assetcatalog; path = Assets.xcassets; sourceTree = "<group>"; };
		F0DD59AA23926787009A6D70 /* Preview Assets.xcassets */ = {isa = PBXFileReference; lastKnownFileType = folder.assetcatalog; path = "Preview Assets.xcassets"; sourceTree = "<group>"; };
		F0DD59AD23926787009A6D70 /* Base */ = {isa = PBXFileReference; lastKnownFileType = file.storyboard; name = Base; path = Base.lproj/LaunchScreen.storyboard; sourceTree = "<group>"; };
		F0DD59AF23926787009A6D70 /* Info.plist */ = {isa = PBXFileReference; lastKnownFileType = text.plist.xml; path = Info.plist; sourceTree = "<group>"; };
		F0DD59B6239267C6009A6D70 /* CreateQrcodeModel.swift */ = {isa = PBXFileReference; fileEncoding = 4; lastKnownFileType = sourcecode.swift; path = CreateQrcodeModel.swift; sourceTree = "<group>"; };
		F0DD59B7239267C6009A6D70 /* APIMannegerModel.swift */ = {isa = PBXFileReference; fileEncoding = 4; lastKnownFileType = sourcecode.swift; path = APIMannegerModel.swift; sourceTree = "<group>"; };
/* End PBXFileReference section */

/* Begin PBXFrameworksBuildPhase section */
		F0DD599B2392677F009A6D70 /* Frameworks */ = {
			isa = PBXFrameworksBuildPhase;
			buildActionMask = 2147483647;
			files = (
				42B71168198E0775FE06F026 /* Pods_Common.framework in Frameworks */,
			);
			runOnlyForDeploymentPostprocessing = 0;
		};
/* End PBXFrameworksBuildPhase section */

/* Begin PBXGroup section */
		21D2DFE6251D58426BEA71E3 /* Frameworks */ = {
			isa = PBXGroup;
			children = (
				31EF8272A61EA4EB25C7E0FA /* Pods_Common.framework */,
			);
			name = Frameworks;
			sourceTree = "<group>";
		};
		533D8B4F791BF820BEB09DB2 /* Pods */ = {
			isa = PBXGroup;
			children = (
				9E02353ED3C31F49D59EA432 /* Pods-Common.debug.xcconfig */,
				4EDFB06A34DEECE4B9F5A029 /* Pods-Common.release.xcconfig */,
			);
			path = Pods;
			sourceTree = "<group>";
		};
		F0DD59952392677F009A6D70 = {
			isa = PBXGroup;
			children = (
				F0DD59A02392677F009A6D70 /* Common */,
				F0DD599F2392677F009A6D70 /* Products */,
				533D8B4F791BF820BEB09DB2 /* Pods */,
				21D2DFE6251D58426BEA71E3 /* Frameworks */,
			);
			sourceTree = "<group>";
		};
		F0DD599F2392677F009A6D70 /* Products */ = {
			isa = PBXGroup;
			children = (
				F0DD599E2392677F009A6D70 /* Common.app */,
			);
			name = Products;
			sourceTree = "<group>";
		};
		F0DD59A02392677F009A6D70 /* Common */ = {
			isa = PBXGroup;
			children = (
				F0DD59B5239267AA009A6D70 /* Model */,
				F0DD59A12392677F009A6D70 /* AppDelegate.swift */,
				F0DD59A32392677F009A6D70 /* SceneDelegate.swift */,
				F0DD59A52392677F009A6D70 /* ContentView.swift */,
				F0DD59A723926787009A6D70 /* Assets.xcassets */,
				F0DD59AC23926787009A6D70 /* LaunchScreen.storyboard */,
				F0DD59AF23926787009A6D70 /* Info.plist */,
				F0DD59A923926787009A6D70 /* Preview Content */,
			);
			path = Common;
			sourceTree = "<group>";
		};
		F0DD59A923926787009A6D70 /* Preview Content */ = {
			isa = PBXGroup;
			children = (
				F0DD59AA23926787009A6D70 /* Preview Assets.xcassets */,
			);
			path = "Preview Content";
			sourceTree = "<group>";
		};
		F0DD59B5239267AA009A6D70 /* Model */ = {
			isa = PBXGroup;
			children = (
				F0DD59B7239267C6009A6D70 /* APIMannegerModel.swift */,
				F0DD59B6239267C6009A6D70 /* CreateQrcodeModel.swift */,
				F0BDB3F523B969D30010F4DC /* ImageModifyingModel.swift */,
			);
			path = Model;
			sourceTree = "<group>";
		};
/* End PBXGroup section */

/* Begin PBXNativeTarget section */
		F0DD599D2392677F009A6D70 /* Common */ = {
			isa = PBXNativeTarget;
			buildConfigurationList = F0DD59B223926787009A6D70 /* Build configuration list for PBXNativeTarget "Common" */;
			buildPhases = (
				C85D03FF16CEB72743B225FA /* [CP] Check Pods Manifest.lock */,
				F0DD599A2392677F009A6D70 /* Sources */,
				F0DD599B2392677F009A6D70 /* Frameworks */,
				F0DD599C2392677F009A6D70 /* Resources */,
				A7B8CD6179AC7966F1D9134C /* [CP] Embed Pods Frameworks */,
			);
			buildRules = (
			);
			dependencies = (
			);
			name = Common;
			productName = Common;
			productReference = F0DD599E2392677F009A6D70 /* Common.app */;
			productType = "com.apple.product-type.application";
		};
/* End PBXNativeTarget section */

/* Begin PBXProject section */
		F0DD59962392677F009A6D70 /* Project object */ = {
			isa = PBXProject;
			attributes = {
				LastSwiftUpdateCheck = 1120;
				LastUpgradeCheck = 1120;
				ORGANIZATIONNAME = "寺田優";
				TargetAttributes = {
					F0DD599D2392677F009A6D70 = {
						CreatedOnToolsVersion = 11.2.1;
					};
				};
			};
			buildConfigurationList = F0DD59992392677F009A6D70 /* Build configuration list for PBXProject "Common" */;
			compatibilityVersion = "Xcode 9.3";
			developmentRegion = en;
			hasScannedForEncodings = 0;
			knownRegions = (
				en,
				Base,
			);
			mainGroup = F0DD59952392677F009A6D70;
			productRefGroup = F0DD599F2392677F009A6D70 /* Products */;
			projectDirPath = "";
			projectRoot = "";
			targets = (
				F0DD599D2392677F009A6D70 /* Common */,
			);
		};
/* End PBXProject section */

/* Begin PBXResourcesBuildPhase section */
		F0DD599C2392677F009A6D70 /* Resources */ = {
			isa = PBXResourcesBuildPhase;
			buildActionMask = 2147483647;
			files = (
				F0DD59AE23926787009A6D70 /* LaunchScreen.storyboard in Resources */,
				F0DD59AB23926787009A6D70 /* Preview Assets.xcassets in Resources */,
				F0DD59A823926787009A6D70 /* Assets.xcassets in Resources */,
			);
			runOnlyForDeploymentPostprocessing = 0;
		};
/* End PBXResourcesBuildPhase section */

/* Begin PBXShellScriptBuildPhase section */
		A7B8CD6179AC7966F1D9134C /* [CP] Embed Pods Frameworks */ = {
			isa = PBXShellScriptBuildPhase;
			buildActionMask = 2147483647;
			files = (
			);
			inputFileListPaths = (
				"${PODS_ROOT}/Target Support Files/Pods-Common/Pods-Common-frameworks-${CONFIGURATION}-input-files.xcfilelist",
			);
			name = "[CP] Embed Pods Frameworks";
			outputFileListPaths = (
				"${PODS_ROOT}/Target Support Files/Pods-Common/Pods-Common-frameworks-${CONFIGURATION}-output-files.xcfilelist",
			);
			runOnlyForDeploymentPostprocessing = 0;
			shellPath = /bin/sh;
			shellScript = "\"${PODS_ROOT}/Target Support Files/Pods-Common/Pods-Common-frameworks.sh\"\n";
			showEnvVarsInLog = 0;
		};
		C85D03FF16CEB72743B225FA /* [CP] Check Pods Manifest.lock */ = {
			isa = PBXShellScriptBuildPhase;
			buildActionMask = 2147483647;
			files = (
			);
			inputFileListPaths = (
			);
			inputPaths = (
				"${PODS_PODFILE_DIR_PATH}/Podfile.lock",
				"${PODS_ROOT}/Manifest.lock",
			);
			name = "[CP] Check Pods Manifest.lock";
			outputFileListPaths = (
			);
			outputPaths = (
				"$(DERIVED_FILE_DIR)/Pods-Common-checkManifestLockResult.txt",
			);
			runOnlyForDeploymentPostprocessing = 0;
			shellPath = /bin/sh;
			shellScript = "diff \"${PODS_PODFILE_DIR_PATH}/Podfile.lock\" \"${PODS_ROOT}/Manifest.lock\" > /dev/null\nif [ $? != 0 ] ; then\n    # print error to STDERR\n    echo \"error: The sandbox is not in sync with the Podfile.lock. Run 'pod install' or update your CocoaPods installation.\" >&2\n    exit 1\nfi\n# This output is used by Xcode 'outputs' to avoid re-running this script phase.\necho \"SUCCESS\" > \"${SCRIPT_OUTPUT_FILE_0}\"\n";
			showEnvVarsInLog = 0;
		};
/* End PBXShellScriptBuildPhase section */

/* Begin PBXSourcesBuildPhase section */
		F0DD599A2392677F009A6D70 /* Sources */ = {
			isa = PBXSourcesBuildPhase;
			buildActionMask = 2147483647;
			files = (
				F0DD59A22392677F009A6D70 /* AppDelegate.swift in Sources */,
				F0DD59B8239267C6009A6D70 /* CreateQrcodeModel.swift in Sources */,
				F0DD59B9239267C6009A6D70 /* APIMannegerModel.swift in Sources */,
				F0DD59A42392677F009A6D70 /* SceneDelegate.swift in Sources */,
				F0BDB3F623B969D30010F4DC /* ImageModifyingModel.swift in Sources */,
				F0DD59A62392677F009A6D70 /* ContentView.swift in Sources */,
			);
			runOnlyForDeploymentPostprocessing = 0;
		};
/* End PBXSourcesBuildPhase section */

/* Begin PBXVariantGroup section */
		F0DD59AC23926787009A6D70 /* LaunchScreen.storyboard */ = {
			isa = PBXVariantGroup;
			children = (
				F0DD59AD23926787009A6D70 /* Base */,
			);
			name = LaunchScreen.storyboard;
			sourceTree = "<group>";
		};
/* End PBXVariantGroup section */

/* Begin XCBuildConfiguration section */
		F0DD59B023926787009A6D70 /* Debug */ = {
			isa = XCBuildConfiguration;
			buildSettings = {
				ALWAYS_SEARCH_USER_PATHS = NO;
				CLANG_ANALYZER_NONNULL = YES;
				CLANG_ANALYZER_NUMBER_OBJECT_CONVERSION = YES_AGGRESSIVE;
				CLANG_CXX_LANGUAGE_STANDARD = "gnu++14";
				CLANG_CXX_LIBRARY = "libc++";
				CLANG_ENABLE_MODULES = YES;
				CLANG_ENABLE_OBJC_ARC = YES;
				CLANG_ENABLE_OBJC_WEAK = YES;
				CLANG_WARN_BLOCK_CAPTURE_AUTORELEASING = YES;
				CLANG_WARN_BOOL_CONVERSION = YES;
				CLANG_WARN_COMMA = YES;
				CLANG_WARN_CONSTANT_CONVERSION = YES;
				CLANG_WARN_DEPRECATED_OBJC_IMPLEMENTATIONS = YES;
				CLANG_WARN_DIRECT_OBJC_ISA_USAGE = YES_ERROR;
				CLANG_WARN_DOCUMENTATION_COMMENTS = YES;
				CLANG_WARN_EMPTY_BODY = YES;
				CLANG_WARN_ENUM_CONVERSION = YES;
				CLANG_WARN_INFINITE_RECURSION = YES;
				CLANG_WARN_INT_CONVERSION = YES;
				CLANG_WARN_NON_LITERAL_NULL_CONVERSION = YES;
				CLANG_WARN_OBJC_IMPLICIT_RETAIN_SELF = YES;
				CLANG_WARN_OBJC_LITERAL_CONVERSION = YES;
				CLANG_WARN_OBJC_ROOT_CLASS = YES_ERROR;
				CLANG_WARN_RANGE_LOOP_ANALYSIS = YES;
				CLANG_WARN_STRICT_PROTOTYPES = YES;
				CLANG_WARN_SUSPICIOUS_MOVE = YES;
				CLANG_WARN_UNGUARDED_AVAILABILITY = YES_AGGRESSIVE;
				CLANG_WARN_UNREACHABLE_CODE = YES;
				CLANG_WARN__DUPLICATE_METHOD_MATCH = YES;
				COPY_PHASE_STRIP = NO;
				DEBUG_INFORMATION_FORMAT = dwarf;
				ENABLE_STRICT_OBJC_MSGSEND = YES;
				ENABLE_TESTABILITY = YES;
				GCC_C_LANGUAGE_STANDARD = gnu11;
				GCC_DYNAMIC_NO_PIC = NO;
				GCC_NO_COMMON_BLOCKS = YES;
				GCC_OPTIMIZATION_LEVEL = 0;
				GCC_PREPROCESSOR_DEFINITIONS = (
					"DEBUG=1",
					"$(inherited)",
				);
				GCC_WARN_64_TO_32_BIT_CONVERSION = YES;
				GCC_WARN_ABOUT_RETURN_TYPE = YES_ERROR;
				GCC_WARN_UNDECLARED_SELECTOR = YES;
				GCC_WARN_UNINITIALIZED_AUTOS = YES_AGGRESSIVE;
				GCC_WARN_UNUSED_FUNCTION = YES;
				GCC_WARN_UNUSED_VARIABLE = YES;
				IPHONEOS_DEPLOYMENT_TARGET = 13.2;
				MTL_ENABLE_DEBUG_INFO = INCLUDE_SOURCE;
				MTL_FAST_MATH = YES;
				ONLY_ACTIVE_ARCH = YES;
				SDKROOT = iphoneos;
				SWIFT_ACTIVE_COMPILATION_CONDITIONS = DEBUG;
				SWIFT_OPTIMIZATION_LEVEL = "-Onone";
			};
			name = Debug;
		};
		F0DD59B123926787009A6D70 /* Release */ = {
			isa = XCBuildConfiguration;
			buildSettings = {
				ALWAYS_SEARCH_USER_PATHS = NO;
				CLANG_ANALYZER_NONNULL = YES;
				CLANG_ANALYZER_NUMBER_OBJECT_CONVERSION = YES_AGGRESSIVE;
				CLANG_CXX_LANGUAGE_STANDARD = "gnu++14";
				CLANG_CXX_LIBRARY = "libc++";
				CLANG_ENABLE_MODULES = YES;
				CLANG_ENABLE_OBJC_ARC = YES;
				CLANG_ENABLE_OBJC_WEAK = YES;
				CLANG_WARN_BLOCK_CAPTURE_AUTORELEASING = YES;
				CLANG_WARN_BOOL_CONVERSION = YES;
				CLANG_WARN_COMMA = YES;
				CLANG_WARN_CONSTANT_CONVERSION = YES;
				CLANG_WARN_DEPRECATED_OBJC_IMPLEMENTATIONS = YES;
				CLANG_WARN_DIRECT_OBJC_ISA_USAGE = YES_ERROR;
				CLANG_WARN_DOCUMENTATION_COMMENTS = YES;
				CLANG_WARN_EMPTY_BODY = YES;
				CLANG_WARN_ENUM_CONVERSION = YES;
				CLANG_WARN_INFINITE_RECURSION = YES;
				CLANG_WARN_INT_CONVERSION = YES;
				CLANG_WARN_NON_LITERAL_NULL_CONVERSION = YES;
				CLANG_WARN_OBJC_IMPLICIT_RETAIN_SELF = YES;
				CLANG_WARN_OBJC_LITERAL_CONVERSION = YES;
				CLANG_WARN_OBJC_ROOT_CLASS = YES_ERROR;
				CLANG_WARN_RANGE_LOOP_ANALYSIS = YES;
				CLANG_WARN_STRICT_PROTOTYPES = YES;
				CLANG_WARN_SUSPICIOUS_MOVE = YES;
				CLANG_WARN_UNGUARDED_AVAILABILITY = YES_AGGRESSIVE;
				CLANG_WARN_UNREACHABLE_CODE = YES;
				CLANG_WARN__DUPLICATE_METHOD_MATCH = YES;
				COPY_PHASE_STRIP = NO;
				DEBUG_INFORMATION_FORMAT = "dwarf-with-dsym";
				ENABLE_NS_ASSERTIONS = NO;
				ENABLE_STRICT_OBJC_MSGSEND = YES;
				GCC_C_LANGUAGE_STANDARD = gnu11;
				GCC_NO_COMMON_BLOCKS = YES;
				GCC_WARN_64_TO_32_BIT_CONVERSION = YES;
				GCC_WARN_ABOUT_RETURN_TYPE = YES_ERROR;
				GCC_WARN_UNDECLARED_SELECTOR = YES;
				GCC_WARN_UNINITIALIZED_AUTOS = YES_AGGRESSIVE;
				GCC_WARN_UNUSED_FUNCTION = YES;
				GCC_WARN_UNUSED_VARIABLE = YES;
				IPHONEOS_DEPLOYMENT_TARGET = 13.2;
				MTL_ENABLE_DEBUG_INFO = NO;
				MTL_FAST_MATH = YES;
				SDKROOT = iphoneos;
				SWIFT_COMPILATION_MODE = wholemodule;
				SWIFT_OPTIMIZATION_LEVEL = "-O";
				VALIDATE_PRODUCT = YES;
			};
			name = Release;
		};
		F0DD59B323926787009A6D70 /* Debug */ = {
			isa = XCBuildConfiguration;
			baseConfigurationReference = 9E02353ED3C31F49D59EA432 /* Pods-Common.debug.xcconfig */;
			buildSettings = {
				ASSETCATALOG_COMPILER_APPICON_NAME = AppIcon;
				CODE_SIGN_STYLE = Automatic;
				DEVELOPMENT_ASSET_PATHS = "\"Common/Preview Content\"";
				DEVELOPMENT_TEAM = L3M6J5V682;
				ENABLE_PREVIEWS = YES;
				INFOPLIST_FILE = Common/Info.plist;
				LD_RUNPATH_SEARCH_PATHS = (
					"$(inherited)",
					"@executable_path/Frameworks",
				);
				PRODUCT_BUNDLE_IDENTIFIER = com.gmail.mterada1228.Common;
				PRODUCT_NAME = "$(TARGET_NAME)";
				SWIFT_VERSION = 5.0;
				TARGETED_DEVICE_FAMILY = "1,2";
			};
			name = Debug;
		};
		F0DD59B423926787009A6D70 /* Release */ = {
			isa = XCBuildConfiguration;
			baseConfigurationReference = 4EDFB06A34DEECE4B9F5A029 /* Pods-Common.release.xcconfig */;
			buildSettings = {
				ASSETCATALOG_COMPILER_APPICON_NAME = AppIcon;
				CODE_SIGN_STYLE = Automatic;
				DEVELOPMENT_ASSET_PATHS = "\"Common/Preview Content\"";
				DEVELOPMENT_TEAM = L3M6J5V682;
				ENABLE_PREVIEWS = YES;
				INFOPLIST_FILE = Common/Info.plist;
				LD_RUNPATH_SEARCH_PATHS = (
					"$(inherited)",
					"@executable_path/Frameworks",
				);
				PRODUCT_BUNDLE_IDENTIFIER = com.gmail.mterada1228.Common;
				PRODUCT_NAME = "$(TARGET_NAME)";
				SWIFT_VERSION = 5.0;
				TARGETED_DEVICE_FAMILY = "1,2";
			};
			name = Release;
		};
/* End XCBuildConfiguration section */

/* Begin XCConfigurationList section */
		F0DD59992392677F009A6D70 /* Build configuration list for PBXProject "Common" */ = {
			isa = XCConfigurationList;
			buildConfigurations = (
				F0DD59B023926787009A6D70 /* Debug */,
				F0DD59B123926787009A6D70 /* Release */,
			);
			defaultConfigurationIsVisible = 0;
			defaultConfigurationName = Release;
		};
		F0DD59B223926787009A6D70 /* Build configuration list for PBXNativeTarget "Common" */ = {
			isa = XCConfigurationList;
			buildConfigurations = (
				F0DD59B323926787009A6D70 /* Debug */,
				F0DD59B423926787009A6D70 /* Release */,
			);
			defaultConfigurationIsVisible = 0;
			defaultConfigurationName = Release;
		};
/* End XCConfigurationList section */
	};
	rootObject = F0DD59962392677F009A6D70 /* Project object */;
}
